// !$*UTF8*$!
{
	archiveVersion = 1;
	classes = {
	};
	objectVersion = 46;
	objects = {

/* Begin PBXBuildFile section */
		8B591CD51E57793200F4199F /* AppDelegate.swift in Sources */ = {isa = PBXBuildFile; fileRef = 8B591CD41E57793200F4199F /* AppDelegate.swift */; };
		8B591CD71E57793200F4199F /* PrimerMapaViewController.swift in Sources */ = {isa = PBXBuildFile; fileRef = 8B591CD61E57793200F4199F /* PrimerMapaViewController.swift */; };
		8B591CDA1E57793200F4199F /* Main.storyboard in Resources */ = {isa = PBXBuildFile; fileRef = 8B591CD81E57793200F4199F /* Main.storyboard */; };
		8B591CDC1E57793200F4199F /* Assets.xcassets in Resources */ = {isa = PBXBuildFile; fileRef = 8B591CDB1E57793200F4199F /* Assets.xcassets */; };
		8B591CDF1E57793200F4199F /* LaunchScreen.storyboard in Resources */ = {isa = PBXBuildFile; fileRef = 8B591CDD1E57793200F4199F /* LaunchScreen.storyboard */; };
		8B591CE81E57842400F4199F /* MapKit.framework in Frameworks */ = {isa = PBXBuildFile; fileRef = 8B591CE71E57842400F4199F /* MapKit.framework */; };
		8B591CEA1E57842900F4199F /* CoreLocation.framework in Frameworks */ = {isa = PBXBuildFile; fileRef = 8B591CE91E57842900F4199F /* CoreLocation.framework */; };
		8B591CEC1E5794DC00F4199F /* DireccionesViewController.swift in Sources */ = {isa = PBXBuildFile; fileRef = 8B591CEB1E5794DC00F4199F /* DireccionesViewController.swift */; };
/* End PBXBuildFile section */

/* Begin PBXFileReference section */
		8B591CD11E57793200F4199F /* App_IntroMapas.app */ = {isa = PBXFileReference; explicitFileType = wrapper.application; includeInIndex = 0; path = App_IntroMapas.app; sourceTree = BUILT_PRODUCTS_DIR; };
		8B591CD41E57793200F4199F /* AppDelegate.swift */ = {isa = PBXFileReference; lastKnownFileType = sourcecode.swift; path = AppDelegate.swift; sourceTree = "<group>"; };
		8B591CD61E57793200F4199F /* PrimerMapaViewController.swift */ = {isa = PBXFileReference; lastKnownFileType = sourcecode.swift; path = PrimerMapaViewController.swift; sourceTree = "<group>"; };
		8B591CD91E57793200F4199F /* Base */ = {isa = PBXFileReference; lastKnownFileType = file.storyboard; name = Base; path = Base.lproj/Main.storyboard; sourceTree = "<group>"; };
		8B591CDB1E57793200F4199F /* Assets.xcassets */ = {isa = PBXFileReference; lastKnownFileType = folder.assetcatalog; path = Assets.xcassets; sourceTree = "<group>"; };
		8B591CDE1E57793200F4199F /* Base */ = {isa = PBXFileReference; lastKnownFileType = file.storyboard; name = Base; path = Base.lproj/LaunchScreen.storyboard; sourceTree = "<group>"; };
		8B591CE01E57793200F4199F /* Info.plist */ = {isa = PBXFileReference; lastKnownFileType = text.plist.xml; path = Info.plist; sourceTree = "<group>"; };
		8B591CE71E57842400F4199F /* MapKit.framework */ = {isa = PBXFileReference; lastKnownFileType = wrapper.framework; name = MapKit.framework; path = System/Library/Frameworks/MapKit.framework; sourceTree = SDKROOT; };
		8B591CE91E57842900F4199F /* CoreLocation.framework */ = {isa = PBXFileReference; lastKnownFileType = wrapper.framework; name = CoreLocation.framework; path = System/Library/Frameworks/CoreLocation.framework; sourceTree = SDKROOT; };
		8B591CEB1E5794DC00F4199F /* DireccionesViewController.swift */ = {isa = PBXFileReference; fileEncoding = 4; lastKnownFileType = sourcecode.swift; path = DireccionesViewController.swift; sourceTree = "<group>"; };
/* End PBXFileReference section */

/* Begin PBXFrameworksBuildPhase section */
		8B591CCE1E57793200F4199F /* Frameworks */ = {
			isa = PBXFrameworksBuildPhase;
			buildActionMask = 2147483647;
			files = (
				8B591CEA1E57842900F4199F /* CoreLocation.framework in Frameworks */,
				8B591CE81E57842400F4199F /* MapKit.framework in Frameworks */,
			);
			runOnlyForDeploymentPostprocessing = 0;
		};
/* End PBXFrameworksBuildPhase section */

/* Begin PBXGroup section */
		8B591CC81E57793200F4199F = {
			isa = PBXGroup;
			children = (
				8B591CD31E57793200F4199F /* App_IntroMapas */,
				8B591CD21E57793200F4199F /* Products */,
				8B591CE61E57842400F4199F /* Frameworks */,
			);
			sourceTree = "<group>";
		};
		8B591CD21E57793200F4199F /* Products */ = {
			isa = PBXGroup;
			children = (
				8B591CD11E57793200F4199F /* App_IntroMapas.app */,
			);
			name = Products;
			sourceTree = "<group>";
		};
		8B591CD31E57793200F4199F /* App_IntroMapas */ = {
			isa = PBXGroup;
			children = (
				8B591CD41E57793200F4199F /* AppDelegate.swift */,
				8B591CD61E57793200F4199F /* PrimerMapaViewController.swift */,
				8B591CEB1E5794DC00F4199F /* DireccionesViewController.swift */,
				8B591CD81E57793200F4199F /* Main.storyboard */,
				8B591CDB1E57793200F4199F /* Assets.xcassets */,
				8B591CDD1E57793200F4199F /* LaunchScreen.storyboard */,
				8B591CE01E57793200F4199F /* Info.plist */,
			);
			path = App_IntroMapas;
			sourceTree = "<group>";
		};
		8B591CE61E57842400F4199F /* Frameworks */ = {
			isa = PBXGroup;
			children = (
				8B591CE91E57842900F4199F /* CoreLocation.framework */,
				8B591CE71E57842400F4199F /* MapKit.framework */,
			);
			name = Frameworks;
			sourceTree = "<group>";
		};
/* End PBXGroup section */

/* Begin PBXNativeTarget section */
		8B591CD01E57793200F4199F /* App_IntroMapas */ = {
			isa = PBXNativeTarget;
			buildConfigurationList = 8B591CE31E57793200F4199F /* Build configuration list for PBXNativeTarget "App_IntroMapas" */;
			buildPhases = (
				8B591CCD1E57793200F4199F /* Sources */,
				8B591CCE1E57793200F4199F /* Frameworks */,
				8B591CCF1E57793200F4199F /* Resources */,
			);
			buildRules = (
			);
			dependencies = (
			);
			name = App_IntroMapas;
			productName = App_IntroMapas;
			productReference = 8B591CD11E57793200F4199F /* App_IntroMapas.app */;
			productType = "com.apple.product-type.application";
		};
/* End PBXNativeTarget section */

/* Begin PBXProject section */
		8B591CC91E57793200F4199F /* Project object */ = {
			isa = PBXProject;
			attributes = {
				LastSwiftUpdateCheck = 0800;
				LastUpgradeCheck = 0800;
				ORGANIZATIONNAME = formador;
				TargetAttributes = {
					8B591CD01E57793200F4199F = {
						CreatedOnToolsVersion = 8.0;
						ProvisioningStyle = Automatic;
					};
				};
			};
			buildConfigurationList = 8B591CCC1E57793200F4199F /* Build configuration list for PBXProject "App_IntroMapas" */;
			compatibilityVersion = "Xcode 3.2";
			developmentRegion = English;
			hasScannedForEncodings = 0;
			knownRegions = (
				en,
				Base,
			);
			mainGroup = 8B591CC81E57793200F4199F;
			productRefGroup = 8B591CD21E57793200F4199F /* Products */;
			projectDirPath = "";
			projectRoot = "";
			targets = (
				8B591CD01E57793200F4199F /* App_IntroMapas */,
			);
		};
/* End PBXProject section */

/* Begin PBXResourcesBuildPhase section */
		8B591CCF1E57793200F4199F /* Resources */ = {
			isa = PBXResourcesBuildPhase;
			buildActionMask = 2147483647;
			files = (
				8B591CDF1E57793200F4199F /* LaunchScreen.storyboard in Resources */,
				8B591CDC1E57793200F4199F /* Assets.xcassets in Resources */,
				8B591CDA1E57793200F4199F /* Main.storyboard in Resources */,
			);
			runOnlyForDeploymentPostprocessing = 0;
		};
/* End PBXResourcesBuildPhase section */

/* Begin PBXSourcesBuildPhase section */
		8B591CCD1E57793200F4199F /* Sources */ = {
			isa = PBXSourcesBuildPhase;
			buildActionMask = 2147483647;
			files = (
				8B591CD71E57793200F4199F /* PrimerMapaViewController.swift in Sources */,
				8B591CD51E57793200F4199F /* AppDelegate.swift in Sources */,
				8B591CEC1E5794DC00F4199F /* DireccionesViewController.swift in Sources */,
			);
			runOnlyForDeploymentPostprocessing = 0;
		};
/* End PBXSourcesBuildPhase section */

/* Begin PBXVariantGroup section */
		8B591CD81E57793200F4199F /* Main.storyboard */ = {
			isa = PBXVariantGroup;
			children = (
				8B591CD91E57793200F4199F /* Base */,
			);
			name = Main.storyboard;
			sourceTree = "<group>";
		};
		8B591CDD1E57793200F4199F /* LaunchScreen.storyboard */ = {
			isa = PBXVariantGroup;
			children = (
				8B591CDE1E57793200F4199F /* Base */,
			);
			name = LaunchScreen.storyboard;
			sourceTree = "<group>";
		};
/* End PBXVariantGroup section */

/* Begin XCBuildConfiguration section */
		8B591CE11E57793200F4199F /* Debug */ = {
			isa = XCBuildConfiguration;
			buildSettings = {
				ALWAYS_SEARCH_USER_PATHS = NO;
				CLANG_ANALYZER_NONNULL = YES;
				CLANG_CXX_LANGUAGE_STANDARD = "gnu++0x";
				CLANG_CXX_LIBRARY = "libc++";
				CLANG_ENABLE_MODULES = YES;
				CLANG_ENABLE_OBJC_ARC = YES;
				CLANG_WARN_BOOL_CONVERSION = YES;
				CLANG_WARN_CONSTANT_CONVERSION = YES;
				CLANG_WARN_DIRECT_OBJC_ISA_USAGE = YES_ERROR;
				CLANG_WARN_DOCUMENTATION_COMMENTS = YES;
				CLANG_WARN_EMPTY_BODY = YES;
				CLANG_WARN_ENUM_CONVERSION = YES;
				CLANG_WARN_INFINITE_RECURSION = YES;
				CLANG_WARN_INT_CONVERSION = YES;
				CLANG_WARN_OBJC_ROOT_CLASS = YES_ERROR;
				CLANG_WARN_SUSPICIOUS_MOVES = YES;
				CLANG_WARN_UNREACHABLE_CODE = YES;
				CLANG_WARN__DUPLICATE_METHOD_MATCH = YES;
				"CODE_SIGN_IDENTITY[sdk=iphoneos*]" = "iPhone Developer";
				COPY_PHASE_STRIP = NO;
				DEBUG_INFORMATION_FORMAT = dwarf;
				ENABLE_STRICT_OBJC_MSGSEND = YES;
				ENABLE_TESTABILITY = YES;
				GCC_C_LANGUAGE_STANDARD = gnu99;
				GCC_DYNAMIC_NO_PIC = NO;
				GCC_NO_COMMON_BLOCKS = YES;
				GCC_OPTIMIZATION_LEVEL = 0;
				GCC_PREPROCESSOR_DEFINITIONS = (
					"DEBUG=1",
					"$(inherited)",
				);
				GCC_WARN_64_TO_32_BIT_CONVERSION = YES;
				GCC_WARN_ABOUT_RETURN_TYPE = YES_ERROR;
				GCC_WARN_UNDECLARED_SELECTOR = YES;
				GCC_WARN_UNINITIALIZED_AUTOS = YES_AGGRESSIVE;
				GCC_WARN_UNUSED_FUNCTION = YES;
				GCC_WARN_UNUSED_VARIABLE = YES;
				IPHONEOS_DEPLOYMENT_TARGET = 10.0;
				MTL_ENABLE_DEBUG_INFO = YES;
				ONLY_ACTIVE_ARCH = YES;
				SDKROOT = iphoneos;
				SWIFT_ACTIVE_COMPILATION_CONDITIONS = DEBUG;
				SWIFT_OPTIMIZATION_LEVEL = "-Onone";
			};
			name = Debug;
		};
		8B591CE21E57793200F4199F /* Release */ = {
			isa = XCBuildConfiguration;
			buildSettings = {
				ALWAYS_SEARCH_USER_PATHS = NO;
				CLANG_ANALYZER_NONNULL = YES;
				CLANG_CXX_LANGUAGE_STANDARD = "gnu++0x";
				CLANG_CXX_LIBRARY = "libc++";
				CLANG_ENABLE_MODULES = YES;
				CLANG_ENABLE_OBJC_ARC = YES;
				CLANG_WARN_BOOL_CONVERSION = YES;
				CLANG_WARN_CONSTANT_CONVERSION = YES;
				CLANG_WARN_DIRECT_OBJC_ISA_USAGE = YES_ERROR;
				CLANG_WARN_DOCUMENTATION_COMMENTS = YES;
				CLANG_WARN_EMPTY_BODY = YES;
				CLANG_WARN_ENUM_CONVERSION = YES;
				CLANG_WARN_INFINITE_RECURSION = YES;
				CLANG_WARN_INT_CONVERSION = YES;
				CLANG_WARN_OBJC_ROOT_CLASS = YES_ERROR;
				CLANG_WARN_SUSPICIOUS_MOVES = YES;
				CLANG_WARN_UNREACHABLE_CODE = YES;
				CLANG_WARN__DUPLICATE_METHOD_MATCH = YES;
				"CODE_SIGN_IDENTITY[sdk=iphoneos*]" = "iPhone Developer";
				COPY_PHASE_STRIP = NO;
				DEBUG_INFORMATION_FORMAT = "dwarf-with-dsym";
				ENABLE_NS_ASSERTIONS = NO;
				ENABLE_STRICT_OBJC_MSGSEND = YES;
				GCC_C_LANGUAGE_STANDARD = gnu99;
				GCC_NO_COMMON_BLOCKS = YES;
				GCC_WARN_64_TO_32_BIT_CONVERSION = YES;
				GCC_WARN_ABOUT_RETURN_TYPE = YES_ERROR;
				GCC_WARN_UNDECLARED_SELECTOR = YES;
				GCC_WARN_UNINITIALIZED_AUTOS = YES_AGGRESSIVE;
				GCC_WARN_UNUSED_FUNCTION = YES;
				GCC_WARN_UNUSED_VARIABLE = YES;
				IPHONEOS_DEPLOYMENT_TARGET = 10.0;
				MTL_ENABLE_DEBUG_INFO = NO;
				SDKROOT = iphoneos;
				SWIFT_OPTIMIZATION_LEVEL = "-Owholemodule";
				VALIDATE_PRODUCT = YES;
			};
			name = Release;
		};
		8B591CE41E57793200F4199F /* Debug */ = {
			isa = XCBuildConfiguration;
			buildSettings = {
				ASSETCATALOG_COMPILER_APPICON_NAME = AppIcon;
				INFOPLIST_FILE = App_IntroMapas/Info.plist;
				LD_RUNPATH_SEARCH_PATHS = "$(inherited) @executable_path/Frameworks";
				PRODUCT_BUNDLE_IDENTIFIER = "com.es.CICE.App-IntroMapas";
				PRODUCT_NAME = "$(TARGET_NAME)";
				SWIFT_VERSION = 3.0;
			};
			name = Debug;
		};
		8B591CE51E57793200F4199F /* Release */ = {
			isa = XCBuildConfiguration;
			buildSettings = {
				ASSETCATALOG_COMPILER_APPICON_NAME = AppIcon;
				INFOPLIST_FILE = App_IntroMapas/Info.plist;
				LD_RUNPATH_SEARCH_PATHS = "$(inherited) @executable_path/Frameworks";
				PRODUCT_BUNDLE_IDENTIFIER = "com.es.CICE.App-IntroMapas";
				PRODUCT_NAME = "$(TARGET_NAME)";
				SWIFT_VERSION = 3.0;
			};
			name = Release;
		};
/* End XCBuildConfiguration section */

/* Begin XCConfigurationList section */
		8B591CCC1E57793200F4199F /* Build configuration list for PBXProject "App_IntroMapas" */ = {
			isa = XCConfigurationList;
			buildConfigurations = (
				8B591CE11E57793200F4199F /* Debug */,
				8B591CE21E57793200F4199F /* Release */,
			);
			defaultConfigurationIsVisible = 0;
			defaultConfigurationName = Release;
		};
		8B591CE31E57793200F4199F /* Build configuration list for PBXNativeTarget "App_IntroMapas" */ = {
			isa = XCConfigurationList;
			buildConfigurations = (
				8B591CE41E57793200F4199F /* Debug */,
				8B591CE51E57793200F4199F /* Release */,
			);
			defaultConfigurationIsVisible = 0;
		};
/* End XCConfigurationList section */
	};
	rootObject = 8B591CC91E57793200F4199F /* Project object */;
}
